
Microsoft Visual Studio Solution File, Format Version 12.00
Project("{2150E333-8FDC-42A3-9474-1A3956D46DE8}") = "Services", "Services", "{3CF9283D-CAD3-4755-9686-CCAE3C3937A4}"
EndProject
Project("{2150E333-8FDC-42A3-9474-1A3956D46DE8}") = "Identity", "Identity", "{09706506-C7AA-4719-A43C-C657A9E633FA}"
EndProject
Project("{FAE04EC0-301F-11D3-BF4B-00C04F79EFBC}") = "IdentityApi", "Services\Identity\IdentityApi\IdentityApi.csproj", "{E5E3E50C-C33A-4A6A-AB4E-A659B182500A}"
EndProject
Project("{2150E333-8FDC-42A3-9474-1A3956D46DE8}") = "Gateway", "Gateway", "{7E0A1D9D-1AE6-488F-BD58-5190CA819AA9}"
EndProject
Project("{FAE04EC0-301F-11D3-BF4B-00C04F79EFBC}") = "IworfGateway", "Gateway\IworfGateway\IworfGateway.csproj", "{D5E755D3-F927-4390-91CC-2A09023D5BF2}"
EndProject
Global
	GlobalSection(SolutionConfigurationPlatforms) = preSolution
		Debug|Any CPU = Debug|Any CPU
		Release|Any CPU = Release|Any CPU
	EndGlobalSection
	GlobalSection(ProjectConfigurationPlatforms) = postSolution
		{E5E3E50C-C33A-4A6A-AB4E-A659B182500A}.Debug|Any CPU.ActiveCfg = Debug|Any CPU
		{E5E3E50C-C33A-4A6A-AB4E-A659B182500A}.Debug|Any CPU.Build.0 = Debug|Any CPU
		{E5E3E50C-C33A-4A6A-AB4E-A659B182500A}.Release|Any CPU.ActiveCfg = Release|Any CPU
		{E5E3E50C-C33A-4A6A-AB4E-A659B182500A}.Release|Any CPU.Build.0 = Release|Any CPU
		{D5E755D3-F927-4390-91CC-2A09023D5BF2}.Debug|Any CPU.ActiveCfg = Debug|Any CPU
		{D5E755D3-F927-4390-91CC-2A09023D5BF2}.Debug|Any CPU.Build.0 = Debug|Any CPU
		{D5E755D3-F927-4390-91CC-2A09023D5BF2}.Release|Any CPU.ActiveCfg = Release|Any CPU
		{D5E755D3-F927-4390-91CC-2A09023D5BF2}.Release|Any CPU.Build.0 = Release|Any CPU
	EndGlobalSection
	GlobalSection(NestedProjects) = preSolution
		{09706506-C7AA-4719-A43C-C657A9E633FA} = {3CF9283D-CAD3-4755-9686-CCAE3C3937A4}
		{E5E3E50C-C33A-4A6A-AB4E-A659B182500A} = {09706506-C7AA-4719-A43C-C657A9E633FA}
		{D5E755D3-F927-4390-91CC-2A09023D5BF2} = {7E0A1D9D-1AE6-488F-BD58-5190CA819AA9}
	EndGlobalSection
EndGlobal
